
Microsoft Visual Studio Solution File, Format Version 12.00
# Visual Studio Version 17
VisualStudioVersion = 17.12.35707.178 d17.12
MinimumVisualStudioVersion = 10.0.40219.1
Project("{FAE04EC0-301F-11D3-BF4B-00C04F79EFBC}") = "Our test", "Our test\Our test.csproj", "{57D74FD5-7C68-47B4-91AF-5786C9D895EF}"
EndProject
Global
	GlobalSection(SolutionConfigurationPlatforms) = preSolution
		Debug|Any CPU = Debug|Any CPU
		Release|Any CPU = Release|Any CPU
	EndGlobalSection
	GlobalSection(ProjectConfigurationPlatforms) = postSolution
		{57D74FD5-7C68-47B4-91AF-5786C9D895EF}.Debug|Any CPU.ActiveCfg = Debug|Any CPU
		{57D74FD5-7C68-47B4-91AF-5786C9D895EF}.Debug|Any CPU.Build.0 = Debug|Any CPU
		{57D74FD5-7C68-47B4-91AF-5786C9D895EF}.Release|Any CPU.ActiveCfg = Release|Any CPU
		{57D74FD5-7C68-47B4-91AF-5786C9D895EF}.Release|Any CPU.Build.0 = Release|Any CPU
	EndGlobalSection
	GlobalSection(SolutionProperties) = preSolution
		HideSolutionNode = FALSE
	EndGlobalSection
EndGlobal
